// !$*UTF8*$!
{
	archiveVersion = 1;
	classes = {
	};
	objectVersion = 50;
	objects = {

/* Begin PBXBuildFile section */
		263292D125D6007000298C2C /* LocationManager.swift in Sources */ = {isa = PBXBuildFile; fileRef = 263292D025D6007000298C2C /* LocationManager.swift */; };
		263292D825D83C5C00298C2C /* Landmark.swift in Sources */ = {isa = PBXBuildFile; fileRef = 263292D725D83C5C00298C2C /* Landmark.swift */; };
		263292DC25D83D1300298C2C /* LandmarkAnnotation.swift in Sources */ = {isa = PBXBuildFile; fileRef = 263292DB25D83D1300298C2C /* LandmarkAnnotation.swift */; };
		263292E025D8420500298C2C /* PlaceListView.swift in Sources */ = {isa = PBXBuildFile; fileRef = 263292DF25D8420500298C2C /* PlaceListView.swift */; };
		265231AD25D5E2B800629D62 /* AppDelegate.swift in Sources */ = {isa = PBXBuildFile; fileRef = 265231AC25D5E2B800629D62 /* AppDelegate.swift */; };
		265231AF25D5E2B800629D62 /* SceneDelegate.swift in Sources */ = {isa = PBXBuildFile; fileRef = 265231AE25D5E2B800629D62 /* SceneDelegate.swift */; };
		265231B125D5E2B800629D62 /* ContentView.swift in Sources */ = {isa = PBXBuildFile; fileRef = 265231B025D5E2B800629D62 /* ContentView.swift */; };
		265231B325D5E2BA00629D62 /* Assets.xcassets in Resources */ = {isa = PBXBuildFile; fileRef = 265231B225D5E2BA00629D62 /* Assets.xcassets */; };
		265231B625D5E2BA00629D62 /* Preview Assets.xcassets in Resources */ = {isa = PBXBuildFile; fileRef = 265231B525D5E2BA00629D62 /* Preview Assets.xcassets */; };
		265231B925D5E2BA00629D62 /* LaunchScreen.storyboard in Resources */ = {isa = PBXBuildFile; fileRef = 265231B725D5E2BA00629D62 /* LaunchScreen.storyboard */; };
		265231C325D5E43D00629D62 /* MapView.swift in Sources */ = {isa = PBXBuildFile; fileRef = 265231C225D5E43D00629D62 /* MapView.swift */; };
		265231C825D5E5F100629D62 /* Coordinator.swift in Sources */ = {isa = PBXBuildFile; fileRef = 265231C725D5E5F100629D62 /* Coordinator.swift */; };
/* End PBXBuildFile section */

/* Begin PBXFileReference section */
		263292D025D6007000298C2C /* LocationManager.swift */ = {isa = PBXFileReference; lastKnownFileType = sourcecode.swift; path = LocationManager.swift; sourceTree = "<group>"; };
		263292D725D83C5C00298C2C /* Landmark.swift */ = {isa = PBXFileReference; lastKnownFileType = sourcecode.swift; path = Landmark.swift; sourceTree = "<group>"; };
		263292DB25D83D1300298C2C /* LandmarkAnnotation.swift */ = {isa = PBXFileReference; lastKnownFileType = sourcecode.swift; path = LandmarkAnnotation.swift; sourceTree = "<group>"; };
		263292DF25D8420500298C2C /* PlaceListView.swift */ = {isa = PBXFileReference; lastKnownFileType = sourcecode.swift; path = PlaceListView.swift; sourceTree = "<group>"; };
		265231A925D5E2B800629D62 /* onecoach.app */ = {isa = PBXFileReference; explicitFileType = wrapper.application; includeInIndex = 0; path = onecoach.app; sourceTree = BUILT_PRODUCTS_DIR; };
		265231AC25D5E2B800629D62 /* AppDelegate.swift */ = {isa = PBXFileReference; lastKnownFileType = sourcecode.swift; path = AppDelegate.swift; sourceTree = "<group>"; };
		265231AE25D5E2B800629D62 /* SceneDelegate.swift */ = {isa = PBXFileReference; lastKnownFileType = sourcecode.swift; path = SceneDelegate.swift; sourceTree = "<group>"; };
		265231B025D5E2B800629D62 /* ContentView.swift */ = {isa = PBXFileReference; lastKnownFileType = sourcecode.swift; path = ContentView.swift; sourceTree = "<group>"; };
		265231B225D5E2BA00629D62 /* Assets.xcassets */ = {isa = PBXFileReference; lastKnownFileType = folder.assetcatalog; path = Assets.xcassets; sourceTree = "<group>"; };
		265231B525D5E2BA00629D62 /* Preview Assets.xcassets */ = {isa = PBXFileReference; lastKnownFileType = folder.assetcatalog; path = "Preview Assets.xcassets"; sourceTree = "<group>"; };
		265231B825D5E2BA00629D62 /* Base */ = {isa = PBXFileReference; lastKnownFileType = file.storyboard; name = Base; path = Base.lproj/LaunchScreen.storyboard; sourceTree = "<group>"; };
		265231BA25D5E2BA00629D62 /* Info.plist */ = {isa = PBXFileReference; lastKnownFileType = text.plist.xml; path = Info.plist; sourceTree = "<group>"; };
		265231C225D5E43D00629D62 /* MapView.swift */ = {isa = PBXFileReference; lastKnownFileType = sourcecode.swift; path = MapView.swift; sourceTree = "<group>"; };
		265231C725D5E5F100629D62 /* Coordinator.swift */ = {isa = PBXFileReference; lastKnownFileType = sourcecode.swift; path = Coordinator.swift; sourceTree = "<group>"; };
/* End PBXFileReference section */

/* Begin PBXFrameworksBuildPhase section */
		265231A625D5E2B800629D62 /* Frameworks */ = {
			isa = PBXFrameworksBuildPhase;
			buildActionMask = 2147483647;
			files = (
			);
			runOnlyForDeploymentPostprocessing = 0;
		};
/* End PBXFrameworksBuildPhase section */

/* Begin PBXGroup section */
		263292CF25D6005800298C2C /* Managers */ = {
			isa = PBXGroup;
			children = (
				263292D025D6007000298C2C /* LocationManager.swift */,
			);
			path = Managers;
			sourceTree = "<group>";
		};
		263292D625D83C4A00298C2C /* Models */ = {
			isa = PBXGroup;
			children = (
				263292D725D83C5C00298C2C /* Landmark.swift */,
				263292DB25D83D1300298C2C /* LandmarkAnnotation.swift */,
			);
			path = Models;
			sourceTree = "<group>";
		};
		265231A025D5E2B800629D62 = {
			isa = PBXGroup;
			children = (
				265231AB25D5E2B800629D62 /* onecoach */,
				265231AA25D5E2B800629D62 /* Products */,
			);
			sourceTree = "<group>";
		};
		265231AA25D5E2B800629D62 /* Products */ = {
			isa = PBXGroup;
			children = (
				265231A925D5E2B800629D62 /* onecoach.app */,
			);
			name = Products;
			sourceTree = "<group>";
		};
		265231AB25D5E2B800629D62 /* onecoach */ = {
			isa = PBXGroup;
			children = (
				265231AC25D5E2B800629D62 /* AppDelegate.swift */,
				265231AE25D5E2B800629D62 /* SceneDelegate.swift */,
				263292CF25D6005800298C2C /* Managers */,
				265231C625D5E5B700629D62 /* Coordinators */,
				263292D625D83C4A00298C2C /* Models */,
				265231C125D5E40700629D62 /* Views */,
				265231B225D5E2BA00629D62 /* Assets.xcassets */,
				265231B725D5E2BA00629D62 /* LaunchScreen.storyboard */,
				265231BA25D5E2BA00629D62 /* Info.plist */,
				265231B425D5E2BA00629D62 /* Preview Content */,
			);
			path = onecoach;
			sourceTree = "<group>";
		};
		265231B425D5E2BA00629D62 /* Preview Content */ = {
			isa = PBXGroup;
			children = (
				265231B525D5E2BA00629D62 /* Preview Assets.xcassets */,
			);
			path = "Preview Content";
			sourceTree = "<group>";
		};
		265231C125D5E40700629D62 /* Views */ = {
			isa = PBXGroup;
			children = (
				265231B025D5E2B800629D62 /* ContentView.swift */,
				265231C225D5E43D00629D62 /* MapView.swift */,
				263292DF25D8420500298C2C /* PlaceListView.swift */,
			);
			path = Views;
			sourceTree = "<group>";
		};
		265231C625D5E5B700629D62 /* Coordinators */ = {
			isa = PBXGroup;
			children = (
				265231C725D5E5F100629D62 /* Coordinator.swift */,
			);
			path = Coordinators;
			sourceTree = "<group>";
		};
/* End PBXGroup section */

/* Begin PBXNativeTarget section */
		265231A825D5E2B800629D62 /* onecoach */ = {
			isa = PBXNativeTarget;
			buildConfigurationList = 265231BD25D5E2BA00629D62 /* Build configuration list for PBXNativeTarget "onecoach" */;
			buildPhases = (
				265231A525D5E2B800629D62 /* Sources */,
				265231A625D5E2B800629D62 /* Frameworks */,
				265231A725D5E2B800629D62 /* Resources */,
			);
			buildRules = (
			);
			dependencies = (
			);
			name = onecoach;
			productName = onecoach;
			productReference = 265231A925D5E2B800629D62 /* onecoach.app */;
			productType = "com.apple.product-type.application";
		};
/* End PBXNativeTarget section */

/* Begin PBXProject section */
		265231A125D5E2B800629D62 /* Project object */ = {
			isa = PBXProject;
			attributes = {
				LastSwiftUpdateCheck = 1240;
				LastUpgradeCheck = 1240;
				TargetAttributes = {
					265231A825D5E2B800629D62 = {
						CreatedOnToolsVersion = 12.4;
					};
				};
			};
			buildConfigurationList = 265231A425D5E2B800629D62 /* Build configuration list for PBXProject "onecoach" */;
			compatibilityVersion = "Xcode 9.3";
			developmentRegion = en;
			hasScannedForEncodings = 0;
			knownRegions = (
				en,
				Base,
			);
			mainGroup = 265231A025D5E2B800629D62;
			productRefGroup = 265231AA25D5E2B800629D62 /* Products */;
			projectDirPath = "";
			projectRoot = "";
			targets = (
				265231A825D5E2B800629D62 /* onecoach */,
			);
		};
/* End PBXProject section */

/* Begin PBXResourcesBuildPhase section */
		265231A725D5E2B800629D62 /* Resources */ = {
			isa = PBXResourcesBuildPhase;
			buildActionMask = 2147483647;
			files = (
				265231B925D5E2BA00629D62 /* LaunchScreen.storyboard in Resources */,
				265231B625D5E2BA00629D62 /* Preview Assets.xcassets in Resources */,
				265231B325D5E2BA00629D62 /* Assets.xcassets in Resources */,
			);
			runOnlyForDeploymentPostprocessing = 0;
		};
/* End PBXResourcesBuildPhase section */

/* Begin PBXSourcesBuildPhase section */
		265231A525D5E2B800629D62 /* Sources */ = {
			isa = PBXSourcesBuildPhase;
			buildActionMask = 2147483647;
			files = (
				263292DC25D83D1300298C2C /* LandmarkAnnotation.swift in Sources */,
				263292D825D83C5C00298C2C /* Landmark.swift in Sources */,
				265231AD25D5E2B800629D62 /* AppDelegate.swift in Sources */,
				263292E025D8420500298C2C /* PlaceListView.swift in Sources */,
				265231C325D5E43D00629D62 /* MapView.swift in Sources */,
				263292D125D6007000298C2C /* LocationManager.swift in Sources */,
				265231C825D5E5F100629D62 /* Coordinator.swift in Sources */,
				265231AF25D5E2B800629D62 /* SceneDelegate.swift in Sources */,
				265231B125D5E2B800629D62 /* ContentView.swift in Sources */,
			);
			runOnlyForDeploymentPostprocessing = 0;
		};
/* End PBXSourcesBuildPhase section */

/* Begin PBXVariantGroup section */
		265231B725D5E2BA00629D62 /* LaunchScreen.storyboard */ = {
			isa = PBXVariantGroup;
			children = (
				265231B825D5E2BA00629D62 /* Base */,
			);
			name = LaunchScreen.storyboard;
			sourceTree = "<group>";
		};
/* End PBXVariantGroup section */

/* Begin XCBuildConfiguration section */
		265231BB25D5E2BA00629D62 /* Debug */ = {
			isa = XCBuildConfiguration;
			buildSettings = {
				ALWAYS_SEARCH_USER_PATHS = NO;
				CLANG_ANALYZER_NONNULL = YES;
				CLANG_ANALYZER_NUMBER_OBJECT_CONVERSION = YES_AGGRESSIVE;
				CLANG_CXX_LANGUAGE_STANDARD = "gnu++14";
				CLANG_CXX_LIBRARY = "libc++";
				CLANG_ENABLE_MODULES = YES;
				CLANG_ENABLE_OBJC_ARC = YES;
				CLANG_ENABLE_OBJC_WEAK = YES;
				CLANG_WARN_BLOCK_CAPTURE_AUTORELEASING = YES;
				CLANG_WARN_BOOL_CONVERSION = YES;
				CLANG_WARN_COMMA = YES;
				CLANG_WARN_CONSTANT_CONVERSION = YES;
				CLANG_WARN_DEPRECATED_OBJC_IMPLEMENTATIONS = YES;
				CLANG_WARN_DIRECT_OBJC_ISA_USAGE = YES_ERROR;
				CLANG_WARN_DOCUMENTATION_COMMENTS = YES;
				CLANG_WARN_EMPTY_BODY = YES;
				CLANG_WARN_ENUM_CONVERSION = YES;
				CLANG_WARN_INFINITE_RECURSION = YES;
				CLANG_WARN_INT_CONVERSION = YES;
				CLANG_WARN_NON_LITERAL_NULL_CONVERSION = YES;
				CLANG_WARN_OBJC_IMPLICIT_RETAIN_SELF = YES;
				CLANG_WARN_OBJC_LITERAL_CONVERSION = YES;
				CLANG_WARN_OBJC_ROOT_CLASS = YES_ERROR;
				CLANG_WARN_QUOTED_INCLUDE_IN_FRAMEWORK_HEADER = YES;
				CLANG_WARN_RANGE_LOOP_ANALYSIS = YES;
				CLANG_WARN_STRICT_PROTOTYPES = YES;
				CLANG_WARN_SUSPICIOUS_MOVE = YES;
				CLANG_WARN_UNGUARDED_AVAILABILITY = YES_AGGRESSIVE;
				CLANG_WARN_UNREACHABLE_CODE = YES;
				CLANG_WARN__DUPLICATE_METHOD_MATCH = YES;
				COPY_PHASE_STRIP = NO;
				DEBUG_INFORMATION_FORMAT = dwarf;
				ENABLE_STRICT_OBJC_MSGSEND = YES;
				ENABLE_TESTABILITY = YES;
				GCC_C_LANGUAGE_STANDARD = gnu11;
				GCC_DYNAMIC_NO_PIC = NO;
				GCC_NO_COMMON_BLOCKS = YES;
				GCC_OPTIMIZATION_LEVEL = 0;
				GCC_PREPROCESSOR_DEFINITIONS = (
					"DEBUG=1",
					"$(inherited)",
				);
				GCC_WARN_64_TO_32_BIT_CONVERSION = YES;
				GCC_WARN_ABOUT_RETURN_TYPE = YES_ERROR;
				GCC_WARN_UNDECLARED_SELECTOR = YES;
				GCC_WARN_UNINITIALIZED_AUTOS = YES_AGGRESSIVE;
				GCC_WARN_UNUSED_FUNCTION = YES;
				GCC_WARN_UNUSED_VARIABLE = YES;
				IPHONEOS_DEPLOYMENT_TARGET = 14.4;
				MTL_ENABLE_DEBUG_INFO = INCLUDE_SOURCE;
				MTL_FAST_MATH = YES;
				ONLY_ACTIVE_ARCH = YES;
				SDKROOT = iphoneos;
				SWIFT_ACTIVE_COMPILATION_CONDITIONS = DEBUG;
				SWIFT_OPTIMIZATION_LEVEL = "-Onone";
			};
			name = Debug;
		};
		265231BC25D5E2BA00629D62 /* Release */ = {
			isa = XCBuildConfiguration;
			buildSettings = {
				ALWAYS_SEARCH_USER_PATHS = NO;
				CLANG_ANALYZER_NONNULL = YES;
				CLANG_ANALYZER_NUMBER_OBJECT_CONVERSION = YES_AGGRESSIVE;
				CLANG_CXX_LANGUAGE_STANDARD = "gnu++14";
				CLANG_CXX_LIBRARY = "libc++";
				CLANG_ENABLE_MODULES = YES;
				CLANG_ENABLE_OBJC_ARC = YES;
				CLANG_ENABLE_OBJC_WEAK = YES;
				CLANG_WARN_BLOCK_CAPTURE_AUTORELEASING = YES;
				CLANG_WARN_BOOL_CONVERSION = YES;
				CLANG_WARN_COMMA = YES;
				CLANG_WARN_CONSTANT_CONVERSION = YES;
				CLANG_WARN_DEPRECATED_OBJC_IMPLEMENTATIONS = YES;
				CLANG_WARN_DIRECT_OBJC_ISA_USAGE = YES_ERROR;
				CLANG_WARN_DOCUMENTATION_COMMENTS = YES;
				CLANG_WARN_EMPTY_BODY = YES;
				CLANG_WARN_ENUM_CONVERSION = YES;
				CLANG_WARN_INFINITE_RECURSION = YES;
				CLANG_WARN_INT_CONVERSION = YES;
				CLANG_WARN_NON_LITERAL_NULL_CONVERSION = YES;
				CLANG_WARN_OBJC_IMPLICIT_RETAIN_SELF = YES;
				CLANG_WARN_OBJC_LITERAL_CONVERSION = YES;
				CLANG_WARN_OBJC_ROOT_CLASS = YES_ERROR;
				CLANG_WARN_QUOTED_INCLUDE_IN_FRAMEWORK_HEADER = YES;
				CLANG_WARN_RANGE_LOOP_ANALYSIS = YES;
				CLANG_WARN_STRICT_PROTOTYPES = YES;
				CLANG_WARN_SUSPICIOUS_MOVE = YES;
				CLANG_WARN_UNGUARDED_AVAILABILITY = YES_AGGRESSIVE;
				CLANG_WARN_UNREACHABLE_CODE = YES;
				CLANG_WARN__DUPLICATE_METHOD_MATCH = YES;
				COPY_PHASE_STRIP = NO;
				DEBUG_INFORMATION_FORMAT = "dwarf-with-dsym";
				ENABLE_NS_ASSERTIONS = NO;
				ENABLE_STRICT_OBJC_MSGSEND = YES;
				GCC_C_LANGUAGE_STANDARD = gnu11;
				GCC_NO_COMMON_BLOCKS = YES;
				GCC_WARN_64_TO_32_BIT_CONVERSION = YES;
				GCC_WARN_ABOUT_RETURN_TYPE = YES_ERROR;
				GCC_WARN_UNDECLARED_SELECTOR = YES;
				GCC_WARN_UNINITIALIZED_AUTOS = YES_AGGRESSIVE;
				GCC_WARN_UNUSED_FUNCTION = YES;
				GCC_WARN_UNUSED_VARIABLE = YES;
				IPHONEOS_DEPLOYMENT_TARGET = 14.4;
				MTL_ENABLE_DEBUG_INFO = NO;
				MTL_FAST_MATH = YES;
				SDKROOT = iphoneos;
				SWIFT_COMPILATION_MODE = wholemodule;
				SWIFT_OPTIMIZATION_LEVEL = "-O";
				VALIDATE_PRODUCT = YES;
			};
			name = Release;
		};
		265231BE25D5E2BA00629D62 /* Debug */ = {
			isa = XCBuildConfiguration;
			buildSettings = {
				ASSETCATALOG_COMPILER_APPICON_NAME = AppIcon;
				ASSETCATALOG_COMPILER_GLOBAL_ACCENT_COLOR_NAME = AccentColor;
				CODE_SIGN_STYLE = Automatic;
				DEVELOPMENT_ASSET_PATHS = "\"onecoach/Preview Content\"";
				DEVELOPMENT_TEAM = G25FFBVGJ6;
				ENABLE_PREVIEWS = YES;
				INFOPLIST_FILE = onecoach/Info.plist;
				LD_RUNPATH_SEARCH_PATHS = (
					"$(inherited)",
					"@executable_path/Frameworks",
				);
				PRODUCT_BUNDLE_IDENTIFIER = com.saffanahmed.onecoach;
				PRODUCT_NAME = "$(TARGET_NAME)";
				SWIFT_VERSION = 5.0;
				TARGETED_DEVICE_FAMILY = "1,2";
			};
			name = Debug;
		};
		265231BF25D5E2BA00629D62 /* Release */ = {
			isa = XCBuildConfiguration;
			buildSettings = {
				ASSETCATALOG_COMPILER_APPICON_NAME = AppIcon;
				ASSETCATALOG_COMPILER_GLOBAL_ACCENT_COLOR_NAME = AccentColor;
				CODE_SIGN_STYLE = Automatic;
				DEVELOPMENT_ASSET_PATHS = "\"onecoach/Preview Content\"";
				DEVELOPMENT_TEAM = G25FFBVGJ6;
				ENABLE_PREVIEWS = YES;
				INFOPLIST_FILE = onecoach/Info.plist;
				LD_RUNPATH_SEARCH_PATHS = (
					"$(inherited)",
					"@executable_path/Frameworks",
				);
				PRODUCT_BUNDLE_IDENTIFIER = com.saffanahmed.onecoach;
				PRODUCT_NAME = "$(TARGET_NAME)";
				SWIFT_VERSION = 5.0;
				TARGETED_DEVICE_FAMILY = "1,2";
			};
			name = Release;
		};
/* End XCBuildConfiguration section */

/* Begin XCConfigurationList section */
		265231A425D5E2B800629D62 /* Build configuration list for PBXProject "onecoach" */ = {
			isa = XCConfigurationList;
			buildConfigurations = (
				265231BB25D5E2BA00629D62 /* Debug */,
				265231BC25D5E2BA00629D62 /* Release */,
			);
			defaultConfigurationIsVisible = 0;
			defaultConfigurationName = Release;
		};
		265231BD25D5E2BA00629D62 /* Build configuration list for PBXNativeTarget "onecoach" */ = {
			isa = XCConfigurationList;
			buildConfigurations = (
				265231BE25D5E2BA00629D62 /* Debug */,
				265231BF25D5E2BA00629D62 /* Release */,
			);
			defaultConfigurationIsVisible = 0;
			defaultConfigurationName = Release;
		};
/* End XCConfigurationList section */
	};
	rootObject = 265231A125D5E2B800629D62 /* Project object */;
}
